// !$*UTF8*$!
{
	archiveVersion = 1;
	classes = {
	};
	objectVersion = 48;
	objects = {

/* Begin PBXBuildFile section */
		0923B88B23ABDF68006DBB63 /* AlbumViewModel.swift in Sources */ = {isa = PBXBuildFile; fileRef = 0923B88A23ABDF68006DBB63 /* AlbumViewModel.swift */; };
		092EEB7623AB12EA00AFABD5 /* AlbumDetailViewController.swift in Sources */ = {isa = PBXBuildFile; fileRef = 092EEB7523AB12EA00AFABD5 /* AlbumDetailViewController.swift */; };
		092EEB7A23AB155D00AFABD5 /* AlbumTableViewCell.swift in Sources */ = {isa = PBXBuildFile; fileRef = 092EEB7923AB155D00AFABD5 /* AlbumTableViewCell.swift */; };
		099F205023AC35CC002AE883 /* Default-568h@2x.png in Resources */ = {isa = PBXBuildFile; fileRef = 099F204F23AC35CC002AE883 /* Default-568h@2x.png */; };
		099F205223AC72AE002AE883 /* View.xib in Resources */ = {isa = PBXBuildFile; fileRef = 099F205123AC72AE002AE883 /* View.xib */; };
		09A0B7D723A40500006769B2 /* AppDelegate.swift in Sources */ = {isa = PBXBuildFile; fileRef = 09A0B7D623A40500006769B2 /* AppDelegate.swift */; };
		09A0B7D923A40500006769B2 /* AlbumController.swift in Sources */ = {isa = PBXBuildFile; fileRef = 09A0B7D823A40500006769B2 /* AlbumController.swift */; };
		09A0B7DE23A40500006769B2 /* Assets.xcassets in Resources */ = {isa = PBXBuildFile; fileRef = 09A0B7DD23A40500006769B2 /* Assets.xcassets */; };
		09A0B7EC23A40500006769B2 /* NikeProjectTests.swift in Sources */ = {isa = PBXBuildFile; fileRef = 09A0B7EB23A40500006769B2 /* NikeProjectTests.swift */; };
		09A0B7F923A4064E006769B2 /* AlbumRetrievalService.swift in Sources */ = {isa = PBXBuildFile; fileRef = 09A0B7F823A4064E006769B2 /* AlbumRetrievalService.swift */; };
		09A0B7FB23A4085B006769B2 /* AlbumImageDownloader.swift in Sources */ = {isa = PBXBuildFile; fileRef = 09A0B7FA23A4085B006769B2 /* AlbumImageDownloader.swift */; };
		09A0B7FE23A408ED006769B2 /* Feed.swift in Sources */ = {isa = PBXBuildFile; fileRef = 09A0B7FD23A408ED006769B2 /* Feed.swift */; };
/* End PBXBuildFile section */

/* Begin PBXContainerItemProxy section */
		09A0B7E823A40500006769B2 /* PBXContainerItemProxy */ = {
			isa = PBXContainerItemProxy;
			containerPortal = 09A0B7CB23A40500006769B2 /* Project object */;
			proxyType = 1;
			remoteGlobalIDString = 09A0B7D223A40500006769B2;
			remoteInfo = NikeProject;
		};
/* End PBXContainerItemProxy section */

/* Begin PBXFileReference section */
		0923B88A23ABDF68006DBB63 /* AlbumViewModel.swift */ = {isa = PBXFileReference; lastKnownFileType = sourcecode.swift; path = AlbumViewModel.swift; sourceTree = "<group>"; };
		092EEB7523AB12EA00AFABD5 /* AlbumDetailViewController.swift */ = {isa = PBXFileReference; lastKnownFileType = sourcecode.swift; path = AlbumDetailViewController.swift; sourceTree = "<group>"; };
		092EEB7923AB155D00AFABD5 /* AlbumTableViewCell.swift */ = {isa = PBXFileReference; lastKnownFileType = sourcecode.swift; path = AlbumTableViewCell.swift; sourceTree = "<group>"; };
		099F204F23AC35CC002AE883 /* Default-568h@2x.png */ = {isa = PBXFileReference; lastKnownFileType = image.png; path = "Default-568h@2x.png"; sourceTree = "<group>"; };
		099F205123AC72AE002AE883 /* View.xib */ = {isa = PBXFileReference; lastKnownFileType = file.xib; path = View.xib; sourceTree = "<group>"; };
		09A0B7D323A40500006769B2 /* iTunesAlbumProject.app */ = {isa = PBXFileReference; explicitFileType = wrapper.application; includeInIndex = 0; path = iTunesAlbumProject.app; sourceTree = BUILT_PRODUCTS_DIR; };
		09A0B7D623A40500006769B2 /* AppDelegate.swift */ = {isa = PBXFileReference; lastKnownFileType = sourcecode.swift; path = AppDelegate.swift; sourceTree = "<group>"; };
		09A0B7D823A40500006769B2 /* AlbumController.swift */ = {isa = PBXFileReference; lastKnownFileType = sourcecode.swift; path = AlbumController.swift; sourceTree = "<group>"; };
		09A0B7DD23A40500006769B2 /* Assets.xcassets */ = {isa = PBXFileReference; lastKnownFileType = folder.assetcatalog; path = Assets.xcassets; sourceTree = "<group>"; };
		09A0B7E223A40500006769B2 /* Info.plist */ = {isa = PBXFileReference; lastKnownFileType = text.plist.xml; path = Info.plist; sourceTree = "<group>"; };
		09A0B7E723A40500006769B2 /* iTunesAlbumProjectTests.xctest */ = {isa = PBXFileReference; explicitFileType = wrapper.cfbundle; includeInIndex = 0; path = iTunesAlbumProjectTests.xctest; sourceTree = BUILT_PRODUCTS_DIR; };
		09A0B7EB23A40500006769B2 /* NikeProjectTests.swift */ = {isa = PBXFileReference; lastKnownFileType = sourcecode.swift; path = NikeProjectTests.swift; sourceTree = "<group>"; };
		09A0B7ED23A40500006769B2 /* Info.plist */ = {isa = PBXFileReference; lastKnownFileType = text.plist.xml; path = Info.plist; sourceTree = "<group>"; };
		09A0B7F823A4064E006769B2 /* AlbumRetrievalService.swift */ = {isa = PBXFileReference; lastKnownFileType = sourcecode.swift; path = AlbumRetrievalService.swift; sourceTree = "<group>"; };
		09A0B7FA23A4085B006769B2 /* AlbumImageDownloader.swift */ = {isa = PBXFileReference; lastKnownFileType = sourcecode.swift; path = AlbumImageDownloader.swift; sourceTree = "<group>"; };
		09A0B7FD23A408ED006769B2 /* Feed.swift */ = {isa = PBXFileReference; lastKnownFileType = sourcecode.swift; path = Feed.swift; sourceTree = "<group>"; };
/* End PBXFileReference section */

/* Begin PBXFrameworksBuildPhase section */
		09A0B7D023A40500006769B2 /* Frameworks */ = {
			isa = PBXFrameworksBuildPhase;
			buildActionMask = 2147483647;
			files = (
			);
			runOnlyForDeploymentPostprocessing = 0;
		};
		09A0B7E423A40500006769B2 /* Frameworks */ = {
			isa = PBXFrameworksBuildPhase;
			buildActionMask = 2147483647;
			files = (
			);
			runOnlyForDeploymentPostprocessing = 0;
		};
/* End PBXFrameworksBuildPhase section */

/* Begin PBXGroup section */
		09A0B7CA23A40500006769B2 = {
			isa = PBXGroup;
			children = (
				099F204F23AC35CC002AE883 /* Default-568h@2x.png */,
				09A0B7D523A40500006769B2 /* iTunesAlbumProject */,
				09A0B7EA23A40500006769B2 /* iTunesAlbumProjectTests */,
				09A0B7D423A40500006769B2 /* Products */,
			);
			sourceTree = "<group>";
		};
		09A0B7D423A40500006769B2 /* Products */ = {
			isa = PBXGroup;
			children = (
				09A0B7D323A40500006769B2 /* iTunesAlbumProject.app */,
				09A0B7E723A40500006769B2 /* iTunesAlbumProjectTests.xctest */,
			);
			name = Products;
			sourceTree = "<group>";
		};
		09A0B7D523A40500006769B2 /* iTunesAlbumProject */ = {
			isa = PBXGroup;
			children = (
				09A0B80523A40D4A006769B2 /* Views */,
				09A0B7FC23A408CC006769B2 /* Models */,
				09A0B7F723A4060F006769B2 /* Services */,
				09A0B7F623A40607006769B2 /* Controllers */,
				09A0B7D623A40500006769B2 /* AppDelegate.swift */,
				09A0B7DD23A40500006769B2 /* Assets.xcassets */,
				09A0B7E223A40500006769B2 /* Info.plist */,
				099F205123AC72AE002AE883 /* View.xib */,
			);
			path = iTunesAlbumProject;
			sourceTree = "<group>";
		};
		09A0B7EA23A40500006769B2 /* iTunesAlbumProjectTests */ = {
			isa = PBXGroup;
			children = (
				09A0B7EB23A40500006769B2 /* NikeProjectTests.swift */,
				09A0B7ED23A40500006769B2 /* Info.plist */,
			);
			path = iTunesAlbumProjectTests;
			sourceTree = "<group>";
		};
		09A0B7F623A40607006769B2 /* Controllers */ = {
			isa = PBXGroup;
			children = (
				09A0B7D823A40500006769B2 /* AlbumController.swift */,
				092EEB7523AB12EA00AFABD5 /* AlbumDetailViewController.swift */,
			);
			path = Controllers;
			sourceTree = "<group>";
		};
		09A0B7F723A4060F006769B2 /* Services */ = {
			isa = PBXGroup;
			children = (
				09A0B7F823A4064E006769B2 /* AlbumRetrievalService.swift */,
				09A0B7FA23A4085B006769B2 /* AlbumImageDownloader.swift */,
			);
			path = Services;
			sourceTree = "<group>";
		};
		09A0B7FC23A408CC006769B2 /* Models */ = {
			isa = PBXGroup;
			children = (
				09A0B7FD23A408ED006769B2 /* Feed.swift */,
				0923B88A23ABDF68006DBB63 /* AlbumViewModel.swift */,
			);
			path = Models;
			sourceTree = "<group>";
		};
		09A0B80523A40D4A006769B2 /* Views */ = {
			isa = PBXGroup;
			children = (
				092EEB7923AB155D00AFABD5 /* AlbumTableViewCell.swift */,
			);
			path = Views;
			sourceTree = "<group>";
		};
/* End PBXGroup section */

/* Begin PBXNativeTarget section */
		09A0B7D223A40500006769B2 /* iTunesAlbumProject */ = {
			isa = PBXNativeTarget;
			buildConfigurationList = 09A0B7F023A40500006769B2 /* Build configuration list for PBXNativeTarget "iTunesAlbumProject" */;
			buildPhases = (
				09A0B7CF23A40500006769B2 /* Sources */,
				09A0B7D023A40500006769B2 /* Frameworks */,
				09A0B7D123A40500006769B2 /* Resources */,
			);
			buildRules = (
			);
			dependencies = (
			);
			name = iTunesAlbumProject;
			productName = NikeProject;
			productReference = 09A0B7D323A40500006769B2 /* iTunesAlbumProject.app */;
			productType = "com.apple.product-type.application";
		};
		09A0B7E623A40500006769B2 /* iTunesAlbumProjectTests */ = {
			isa = PBXNativeTarget;
			buildConfigurationList = 09A0B7F323A40500006769B2 /* Build configuration list for PBXNativeTarget "iTunesAlbumProjectTests" */;
			buildPhases = (
				09A0B7E323A40500006769B2 /* Sources */,
				09A0B7E423A40500006769B2 /* Frameworks */,
				09A0B7E523A40500006769B2 /* Resources */,
			);
			buildRules = (
			);
			dependencies = (
				09A0B7E923A40500006769B2 /* PBXTargetDependency */,
			);
			name = iTunesAlbumProjectTests;
			productName = NikeProjectTests;
			productReference = 09A0B7E723A40500006769B2 /* iTunesAlbumProjectTests.xctest */;
			productType = "com.apple.product-type.bundle.unit-test";
		};
/* End PBXNativeTarget section */

/* Begin PBXProject section */
		09A0B7CB23A40500006769B2 /* Project object */ = {
			isa = PBXProject;
			attributes = {
				LastSwiftUpdateCheck = 0920;
				LastUpgradeCheck = 0920;
				ORGANIZATIONNAME = HakimJoseph;
				TargetAttributes = {
					09A0B7D223A40500006769B2 = {
						CreatedOnToolsVersion = 9.2;
						ProvisioningStyle = Automatic;
					};
					09A0B7E623A40500006769B2 = {
						CreatedOnToolsVersion = 9.2;
						ProvisioningStyle = Automatic;
						TestTargetID = 09A0B7D223A40500006769B2;
					};
				};
			};
			buildConfigurationList = 09A0B7CE23A40500006769B2 /* Build configuration list for PBXProject "iTunesAlbumProject" */;
			compatibilityVersion = "Xcode 8.0";
			developmentRegion = en;
			hasScannedForEncodings = 0;
			knownRegions = (
				en,
				Base,
			);
			mainGroup = 09A0B7CA23A40500006769B2;
			productRefGroup = 09A0B7D423A40500006769B2 /* Products */;
			projectDirPath = "";
			projectRoot = "";
			targets = (
				09A0B7D223A40500006769B2 /* iTunesAlbumProject */,
				09A0B7E623A40500006769B2 /* iTunesAlbumProjectTests */,
			);
		};
/* End PBXProject section */

/* Begin PBXResourcesBuildPhase section */
		09A0B7D123A40500006769B2 /* Resources */ = {
			isa = PBXResourcesBuildPhase;
			buildActionMask = 2147483647;
			files = (
				09A0B7DE23A40500006769B2 /* Assets.xcassets in Resources */,
				099F205223AC72AE002AE883 /* View.xib in Resources */,
				099F205023AC35CC002AE883 /* Default-568h@2x.png in Resources */,
			);
			runOnlyForDeploymentPostprocessing = 0;
		};
		09A0B7E523A40500006769B2 /* Resources */ = {
			isa = PBXResourcesBuildPhase;
			buildActionMask = 2147483647;
			files = (
			);
			runOnlyForDeploymentPostprocessing = 0;
		};
/* End PBXResourcesBuildPhase section */

/* Begin PBXSourcesBuildPhase section */
		09A0B7CF23A40500006769B2 /* Sources */ = {
			isa = PBXSourcesBuildPhase;
			buildActionMask = 2147483647;
			files = (
				0923B88B23ABDF68006DBB63 /* AlbumViewModel.swift in Sources */,
				09A0B7FB23A4085B006769B2 /* AlbumImageDownloader.swift in Sources */,
				09A0B7F923A4064E006769B2 /* AlbumRetrievalService.swift in Sources */,
				09A0B7D923A40500006769B2 /* AlbumController.swift in Sources */,
				092EEB7623AB12EA00AFABD5 /* AlbumDetailViewController.swift in Sources */,
				09A0B7D723A40500006769B2 /* AppDelegate.swift in Sources */,
				09A0B7FE23A408ED006769B2 /* Feed.swift in Sources */,
				092EEB7A23AB155D00AFABD5 /* AlbumTableViewCell.swift in Sources */,
			);
			runOnlyForDeploymentPostprocessing = 0;
		};
		09A0B7E323A40500006769B2 /* Sources */ = {
			isa = PBXSourcesBuildPhase;
			buildActionMask = 2147483647;
			files = (
				09A0B7EC23A40500006769B2 /* NikeProjectTests.swift in Sources */,
			);
			runOnlyForDeploymentPostprocessing = 0;
		};
/* End PBXSourcesBuildPhase section */

/* Begin PBXTargetDependency section */
		09A0B7E923A40500006769B2 /* PBXTargetDependency */ = {
			isa = PBXTargetDependency;
			target = 09A0B7D223A40500006769B2 /* iTunesAlbumProject */;
			targetProxy = 09A0B7E823A40500006769B2 /* PBXContainerItemProxy */;
		};
/* End PBXTargetDependency section */

/* Begin XCBuildConfiguration section */
		09A0B7EE23A40500006769B2 /* Debug */ = {
			isa = XCBuildConfiguration;
			buildSettings = {
				ALWAYS_SEARCH_USER_PATHS = NO;
				CLANG_ANALYZER_NONNULL = YES;
				CLANG_ANALYZER_NUMBER_OBJECT_CONVERSION = YES_AGGRESSIVE;
				CLANG_CXX_LANGUAGE_STANDARD = "gnu++14";
				CLANG_CXX_LIBRARY = "libc++";
				CLANG_ENABLE_MODULES = YES;
				CLANG_ENABLE_OBJC_ARC = YES;
				CLANG_WARN_BLOCK_CAPTURE_AUTORELEASING = YES;
				CLANG_WARN_BOOL_CONVERSION = YES;
				CLANG_WARN_COMMA = YES;
				CLANG_WARN_CONSTANT_CONVERSION = YES;
				CLANG_WARN_DIRECT_OBJC_ISA_USAGE = YES_ERROR;
				CLANG_WARN_DOCUMENTATION_COMMENTS = YES;
				CLANG_WARN_EMPTY_BODY = YES;
				CLANG_WARN_ENUM_CONVERSION = YES;
				CLANG_WARN_INFINITE_RECURSION = YES;
				CLANG_WARN_INT_CONVERSION = YES;
				CLANG_WARN_NON_LITERAL_NULL_CONVERSION = YES;
				CLANG_WARN_OBJC_LITERAL_CONVERSION = YES;
				CLANG_WARN_OBJC_ROOT_CLASS = YES_ERROR;
				CLANG_WARN_RANGE_LOOP_ANALYSIS = YES;
				CLANG_WARN_STRICT_PROTOTYPES = YES;
				CLANG_WARN_SUSPICIOUS_MOVE = YES;
				CLANG_WARN_UNGUARDED_AVAILABILITY = YES_AGGRESSIVE;
				CLANG_WARN_UNREACHABLE_CODE = YES;
				CLANG_WARN__DUPLICATE_METHOD_MATCH = YES;
				CODE_SIGN_IDENTITY = "iPhone Developer";
				COPY_PHASE_STRIP = NO;
				DEBUG_INFORMATION_FORMAT = dwarf;
				ENABLE_STRICT_OBJC_MSGSEND = YES;
				ENABLE_TESTABILITY = YES;
				GCC_C_LANGUAGE_STANDARD = gnu11;
				GCC_DYNAMIC_NO_PIC = NO;
				GCC_NO_COMMON_BLOCKS = YES;
				GCC_OPTIMIZATION_LEVEL = 0;
				GCC_PREPROCESSOR_DEFINITIONS = (
					"DEBUG=1",
					"$(inherited)",
				);
				GCC_WARN_64_TO_32_BIT_CONVERSION = YES;
				GCC_WARN_ABOUT_RETURN_TYPE = YES_ERROR;
				GCC_WARN_UNDECLARED_SELECTOR = YES;
				GCC_WARN_UNINITIALIZED_AUTOS = YES_AGGRESSIVE;
				GCC_WARN_UNUSED_FUNCTION = YES;
				GCC_WARN_UNUSED_VARIABLE = YES;
				IPHONEOS_DEPLOYMENT_TARGET = 11.2;
				MTL_ENABLE_DEBUG_INFO = YES;
				ONLY_ACTIVE_ARCH = YES;
				SDKROOT = iphoneos;
				SWIFT_ACTIVE_COMPILATION_CONDITIONS = DEBUG;
				SWIFT_OPTIMIZATION_LEVEL = "-Onone";
			};
			name = Debug;
		};
		09A0B7EF23A40500006769B2 /* Release */ = {
			isa = XCBuildConfiguration;
			buildSettings = {
				ALWAYS_SEARCH_USER_PATHS = NO;
				CLANG_ANALYZER_NONNULL = YES;
				CLANG_ANALYZER_NUMBER_OBJECT_CONVERSION = YES_AGGRESSIVE;
				CLANG_CXX_LANGUAGE_STANDARD = "gnu++14";
				CLANG_CXX_LIBRARY = "libc++";
				CLANG_ENABLE_MODULES = YES;
				CLANG_ENABLE_OBJC_ARC = YES;
				CLANG_WARN_BLOCK_CAPTURE_AUTORELEASING = YES;
				CLANG_WARN_BOOL_CONVERSION = YES;
				CLANG_WARN_COMMA = YES;
				CLANG_WARN_CONSTANT_CONVERSION = YES;
				CLANG_WARN_DIRECT_OBJC_ISA_USAGE = YES_ERROR;
				CLANG_WARN_DOCUMENTATION_COMMENTS = YES;
				CLANG_WARN_EMPTY_BODY = YES;
				CLANG_WARN_ENUM_CONVERSION = YES;
				CLANG_WARN_INFINITE_RECURSION = YES;
				CLANG_WARN_INT_CONVERSION = YES;
				CLANG_WARN_NON_LITERAL_NULL_CONVERSION = YES;
				CLANG_WARN_OBJC_LITERAL_CONVERSION = YES;
				CLANG_WARN_OBJC_ROOT_CLASS = YES_ERROR;
				CLANG_WARN_RANGE_LOOP_ANALYSIS = YES;
				CLANG_WARN_STRICT_PROTOTYPES = YES;
				CLANG_WARN_SUSPICIOUS_MOVE = YES;
				CLANG_WARN_UNGUARDED_AVAILABILITY = YES_AGGRESSIVE;
				CLANG_WARN_UNREACHABLE_CODE = YES;
				CLANG_WARN__DUPLICATE_METHOD_MATCH = YES;
				CODE_SIGN_IDENTITY = "iPhone Developer";
				COPY_PHASE_STRIP = NO;
				DEBUG_INFORMATION_FORMAT = "dwarf-with-dsym";
				ENABLE_NS_ASSERTIONS = NO;
				ENABLE_STRICT_OBJC_MSGSEND = YES;
				GCC_C_LANGUAGE_STANDARD = gnu11;
				GCC_NO_COMMON_BLOCKS = YES;
				GCC_WARN_64_TO_32_BIT_CONVERSION = YES;
				GCC_WARN_ABOUT_RETURN_TYPE = YES_ERROR;
				GCC_WARN_UNDECLARED_SELECTOR = YES;
				GCC_WARN_UNINITIALIZED_AUTOS = YES_AGGRESSIVE;
				GCC_WARN_UNUSED_FUNCTION = YES;
				GCC_WARN_UNUSED_VARIABLE = YES;
				IPHONEOS_DEPLOYMENT_TARGET = 11.2;
				MTL_ENABLE_DEBUG_INFO = NO;
				SDKROOT = iphoneos;
				SWIFT_OPTIMIZATION_LEVEL = "-Owholemodule";
				VALIDATE_PRODUCT = YES;
			};
			name = Release;
		};
		09A0B7F123A40500006769B2 /* Debug */ = {
			isa = XCBuildConfiguration;
			buildSettings = {
				ASSETCATALOG_COMPILER_APPICON_NAME = AppIcon;
				CODE_SIGN_STYLE = Automatic;
				INFOPLIST_FILE = iTunesAlbumProject/Info.plist;
				LD_RUNPATH_SEARCH_PATHS = "$(inherited) @executable_path/Frameworks";
				PRODUCT_BUNDLE_IDENTIFIER = com.HakimJoseph.iTunesAlbumProject;
				PRODUCT_NAME = "$(TARGET_NAME)";
				SWIFT_VERSION = 4.0;
				TARGETED_DEVICE_FAMILY = "1,2";
			};
			name = Debug;
		};
		09A0B7F223A40500006769B2 /* Release */ = {
			isa = XCBuildConfiguration;
			buildSettings = {
				ASSETCATALOG_COMPILER_APPICON_NAME = AppIcon;
				CODE_SIGN_STYLE = Automatic;
				INFOPLIST_FILE = iTunesAlbumProject/Info.plist;
				LD_RUNPATH_SEARCH_PATHS = "$(inherited) @executable_path/Frameworks";
				PRODUCT_BUNDLE_IDENTIFIER = com.HakimJoseph.iTunesAlbumProject;
				PRODUCT_NAME = "$(TARGET_NAME)";
				SWIFT_VERSION = 4.0;
				TARGETED_DEVICE_FAMILY = "1,2";
			};
			name = Release;
		};
		09A0B7F423A40500006769B2 /* Debug */ = {
			isa = XCBuildConfiguration;
			buildSettings = {
				ALWAYS_EMBED_SWIFT_STANDARD_LIBRARIES = YES;
				BUNDLE_LOADER = "$(TEST_HOST)";
				CODE_SIGN_STYLE = Automatic;
				INFOPLIST_FILE = NikeProjectTests/Info.plist;
				LD_RUNPATH_SEARCH_PATHS = "$(inherited) @executable_path/Frameworks @loader_path/Frameworks";
				PRODUCT_BUNDLE_IDENTIFIER = com.HakimJoseph.NikeProjectTests;
				PRODUCT_NAME = "$(TARGET_NAME)";
				SWIFT_VERSION = 4.0;
				TARGETED_DEVICE_FAMILY = "1,2";
				TEST_HOST = "$(BUILT_PRODUCTS_DIR)/NikeProject.app/NikeProject";
			};
			name = Debug;
		};
		09A0B7F523A40500006769B2 /* Release */ = {
			isa = XCBuildConfiguration;
			buildSettings = {
				ALWAYS_EMBED_SWIFT_STANDARD_LIBRARIES = YES;
				BUNDLE_LOADER = "$(TEST_HOST)";
				CODE_SIGN_STYLE = Automatic;
				INFOPLIST_FILE = NikeProjectTests/Info.plist;
				LD_RUNPATH_SEARCH_PATHS = "$(inherited) @executable_path/Frameworks @loader_path/Frameworks";
				PRODUCT_BUNDLE_IDENTIFIER = com.HakimJoseph.NikeProjectTests;
				PRODUCT_NAME = "$(TARGET_NAME)";
				SWIFT_VERSION = 4.0;
				TARGETED_DEVICE_FAMILY = "1,2";
				TEST_HOST = "$(BUILT_PRODUCTS_DIR)/NikeProject.app/NikeProject";
			};
			name = Release;
		};
/* End XCBuildConfiguration section */

/* Begin XCConfigurationList section */
		09A0B7CE23A40500006769B2 /* Build configuration list for PBXProject "iTunesAlbumProject" */ = {
			isa = XCConfigurationList;
			buildConfigurations = (
				09A0B7EE23A40500006769B2 /* Debug */,
				09A0B7EF23A40500006769B2 /* Release */,
			);
			defaultConfigurationIsVisible = 0;
			defaultConfigurationName = Release;
		};
		09A0B7F023A40500006769B2 /* Build configuration list for PBXNativeTarget "iTunesAlbumProject" */ = {
			isa = XCConfigurationList;
			buildConfigurations = (
				09A0B7F123A40500006769B2 /* Debug */,
				09A0B7F223A40500006769B2 /* Release */,
			);
			defaultConfigurationIsVisible = 0;
			defaultConfigurationName = Release;
		};
		09A0B7F323A40500006769B2 /* Build configuration list for PBXNativeTarget "iTunesAlbumProjectTests" */ = {
			isa = XCConfigurationList;
			buildConfigurations = (
				09A0B7F423A40500006769B2 /* Debug */,
				09A0B7F523A40500006769B2 /* Release */,
			);
			defaultConfigurationIsVisible = 0;
			defaultConfigurationName = Release;
		};
/* End XCConfigurationList section */
	};
	rootObject = 09A0B7CB23A40500006769B2 /* Project object */;
}
